
Microsoft Visual Studio Solution File, Format Version 12.00
# Visual Studio 15
VisualStudioVersion = 15.0.28307.271
MinimumVisualStudioVersion = 10.0.40219.1
Project("{FAE04EC0-301F-11D3-BF4B-00C04F79EFBC}") = "PuntosDominantesE", "PuntosDominantesE\PuntosDominantesE.csproj", "{730F81DA-6043-498F-B57C-5DDC2AE326FA}"
EndProject
Project("{2150E333-8FDC-42A3-9474-1A3956D46DE8}") = "Solution Items", "Solution Items", "{6F24B41C-F667-4488-9511-A7C6AB990686}"
EndProject
Global
	GlobalSection(SolutionConfigurationPlatforms) = preSolution
		Debug|Any CPU = Debug|Any CPU
		Release|Any CPU = Release|Any CPU
	EndGlobalSection
	GlobalSection(ProjectConfigurationPlatforms) = postSolution
		{730F81DA-6043-498F-B57C-5DDC2AE326FA}.Debug|Any CPU.ActiveCfg = Debug|Any CPU
		{730F81DA-6043-498F-B57C-5DDC2AE326FA}.Debug|Any CPU.Build.0 = Debug|Any CPU
		{730F81DA-6043-498F-B57C-5DDC2AE326FA}.Release|Any CPU.ActiveCfg = Release|Any CPU
		{730F81DA-6043-498F-B57C-5DDC2AE326FA}.Release|Any CPU.Build.0 = Release|Any CPU
	EndGlobalSection
	GlobalSection(SolutionProperties) = preSolution
		HideSolutionNode = FALSE
	EndGlobalSection
	GlobalSection(ExtensibilityGlobals) = postSolution
		SolutionGuid = {96FA5038-4985-46D0-8D05-F70EF5B3E333}
	EndGlobalSection
EndGlobal
